
Microsoft Visual Studio Solution File, Format Version 12.00
# Visual Studio Version 17
VisualStudioVersion = 17.0.31903.59
MinimumVisualStudioVersion = 10.0.40219.1
Project("{FAE04EC0-301F-11D3-BF4B-00C04F79EFBC}") = "SearchEngine_.Tests", "tests\SearchEngine_.Tests.csproj", "{8366CE5E-4BD2-4636-BA6B-E312CDC45EE5}"
EndProject
Project("{FAE04EC0-301F-11D3-BF4B-00C04F79EFBC}") = "SearchEngine_", "src\SearchEngine_.csproj", "{F435A008-B809-4C91-B321-E94B42B4FFDA}"
EndProject
Global
	GlobalSection(SolutionConfigurationPlatforms) = preSolution
		Debug|Any CPU = Debug|Any CPU
		Release|Any CPU = Release|Any CPU
	EndGlobalSection
	GlobalSection(SolutionProperties) = preSolution
		HideSolutionNode = FALSE
	EndGlobalSection
	GlobalSection(ProjectConfigurationPlatforms) = postSolution
		{8366CE5E-4BD2-4636-BA6B-E312CDC45EE5}.Debug|Any CPU.ActiveCfg = Debug|Any CPU
		{8366CE5E-4BD2-4636-BA6B-E312CDC45EE5}.Debug|Any CPU.Build.0 = Debug|Any CPU
		{8366CE5E-4BD2-4636-BA6B-E312CDC45EE5}.Release|Any CPU.ActiveCfg = Release|Any CPU
		{8366CE5E-4BD2-4636-BA6B-E312CDC45EE5}.Release|Any CPU.Build.0 = Release|Any CPU
		{F435A008-B809-4C91-B321-E94B42B4FFDA}.Debug|Any CPU.ActiveCfg = Debug|Any CPU
		{F435A008-B809-4C91-B321-E94B42B4FFDA}.Debug|Any CPU.Build.0 = Debug|Any CPU
		{F435A008-B809-4C91-B321-E94B42B4FFDA}.Release|Any CPU.ActiveCfg = Release|Any CPU
		{F435A008-B809-4C91-B321-E94B42B4FFDA}.Release|Any CPU.Build.0 = Release|Any CPU
	EndGlobalSection
EndGlobal
